// !$*UTF8*$!
{
	archiveVersion = 1;
	classes = {
	};
	objectVersion = 46;
	objects = {

/* Begin PBXBuildFile section */
		798EF66F1D0E214D00D1DC49 /* AppDelegate.swift in Sources */ = {isa = PBXBuildFile; fileRef = 798EF66E1D0E214D00D1DC49 /* AppDelegate.swift */; };
		798EF6711D0E214D00D1DC49 /* ViewController.swift in Sources */ = {isa = PBXBuildFile; fileRef = 798EF6701D0E214D00D1DC49 /* ViewController.swift */; };
		798EF6741D0E214E00D1DC49 /* Main.storyboard in Resources */ = {isa = PBXBuildFile; fileRef = 798EF6721D0E214E00D1DC49 /* Main.storyboard */; };
		798EF6761D0E214E00D1DC49 /* Assets.xcassets in Resources */ = {isa = PBXBuildFile; fileRef = 798EF6751D0E214E00D1DC49 /* Assets.xcassets */; };
		798EF6791D0E214E00D1DC49 /* LaunchScreen.storyboard in Resources */ = {isa = PBXBuildFile; fileRef = 798EF6771D0E214E00D1DC49 /* LaunchScreen.storyboard */; };
/* End PBXBuildFile section */

/* Begin PBXFileReference section */
		798EF66B1D0E214C00D1DC49 /* Cat Directory.app */ = {isa = PBXFileReference; explicitFileType = wrapper.application; includeInIndex = 0; path = "Cat Directory.app"; sourceTree = BUILT_PRODUCTS_DIR; };
		798EF66E1D0E214D00D1DC49 /* AppDelegate.swift */ = {isa = PBXFileReference; lastKnownFileType = sourcecode.swift; path = AppDelegate.swift; sourceTree = "<group>"; };
		798EF6701D0E214D00D1DC49 /* ViewController.swift */ = {isa = PBXFileReference; lastKnownFileType = sourcecode.swift; path = ViewController.swift; sourceTree = "<group>"; };
		798EF6731D0E214E00D1DC49 /* Base */ = {isa = PBXFileReference; lastKnownFileType = file.storyboard; name = Base; path = Base.lproj/Main.storyboard; sourceTree = "<group>"; };
		798EF6751D0E214E00D1DC49 /* Assets.xcassets */ = {isa = PBXFileReference; lastKnownFileType = folder.assetcatalog; path = Assets.xcassets; sourceTree = "<group>"; };
		798EF6781D0E214E00D1DC49 /* Base */ = {isa = PBXFileReference; lastKnownFileType = file.storyboard; name = Base; path = Base.lproj/LaunchScreen.storyboard; sourceTree = "<group>"; };
		798EF67A1D0E214E00D1DC49 /* Info.plist */ = {isa = PBXFileReference; lastKnownFileType = text.plist.xml; path = Info.plist; sourceTree = "<group>"; };
/* End PBXFileReference section */

/* Begin PBXFrameworksBuildPhase section */
		798EF6681D0E214B00D1DC49 /* Frameworks */ = {
			isa = PBXFrameworksBuildPhase;
			buildActionMask = 2147483647;
			files = (
			);
			runOnlyForDeploymentPostprocessing = 0;
		};
/* End PBXFrameworksBuildPhase section */

/* Begin PBXGroup section */
		798EF6621D0E214B00D1DC49 = {
			isa = PBXGroup;
			children = (
				798EF66D1D0E214D00D1DC49 /* Cat Directory */,
				798EF66C1D0E214C00D1DC49 /* Products */,
			);
			sourceTree = "<group>";
		};
		798EF66C1D0E214C00D1DC49 /* Products */ = {
			isa = PBXGroup;
			children = (
				798EF66B1D0E214C00D1DC49 /* Cat Directory.app */,
			);
			name = Products;
			sourceTree = "<group>";
		};
		798EF66D1D0E214D00D1DC49 /* Cat Directory */ = {
			isa = PBXGroup;
			children = (
				798EF66E1D0E214D00D1DC49 /* AppDelegate.swift */,
				798EF6701D0E214D00D1DC49 /* ViewController.swift */,
				798EF6721D0E214E00D1DC49 /* Main.storyboard */,
				798EF6751D0E214E00D1DC49 /* Assets.xcassets */,
				798EF6771D0E214E00D1DC49 /* LaunchScreen.storyboard */,
				798EF67A1D0E214E00D1DC49 /* Info.plist */,
			);
			path = "Cat Directory";
			sourceTree = "<group>";
		};
/* End PBXGroup section */

/* Begin PBXNativeTarget section */
		798EF66A1D0E214B00D1DC49 /* Cat Directory */ = {
			isa = PBXNativeTarget;
			buildConfigurationList = 798EF67D1D0E214E00D1DC49 /* Build configuration list for PBXNativeTarget "Cat Directory" */;
			buildPhases = (
				798EF6671D0E214B00D1DC49 /* Sources */,
				798EF6681D0E214B00D1DC49 /* Frameworks */,
				798EF6691D0E214B00D1DC49 /* Resources */,
			);
			buildRules = (
			);
			dependencies = (
			);
			name = "Cat Directory";
			productName = "Cat Directory";
			productReference = 798EF66B1D0E214C00D1DC49 /* Cat Directory.app */;
			productType = "com.apple.product-type.application";
		};
/* End PBXNativeTarget section */

/* Begin PBXProject section */
		798EF6631D0E214B00D1DC49 /* Project object */ = {
			isa = PBXProject;
			attributes = {
				LastSwiftUpdateCheck = 0730;
				LastUpgradeCheck = 0730;
				ORGANIZATIONNAME = "Sekou Perry";
				TargetAttributes = {
					798EF66A1D0E214B00D1DC49 = {
						CreatedOnToolsVersion = 7.3.1;
					};
				};
			};
			buildConfigurationList = 798EF6661D0E214B00D1DC49 /* Build configuration list for PBXProject "Cat Directory" */;
			compatibilityVersion = "Xcode 3.2";
			developmentRegion = English;
			hasScannedForEncodings = 0;
			knownRegions = (
				en,
				Base,
			);
			mainGroup = 798EF6621D0E214B00D1DC49;
			productRefGroup = 798EF66C1D0E214C00D1DC49 /* Products */;
			projectDirPath = "";
			projectRoot = "";
			targets = (
				798EF66A1D0E214B00D1DC49 /* Cat Directory */,
			);
		};
/* End PBXProject section */

/* Begin PBXResourcesBuildPhase section */
		798EF6691D0E214B00D1DC49 /* Resources */ = {
			isa = PBXResourcesBuildPhase;
			buildActionMask = 2147483647;
			files = (
				798EF6791D0E214E00D1DC49 /* LaunchScreen.storyboard in Resources */,
				798EF6761D0E214E00D1DC49 /* Assets.xcassets in Resources */,
				798EF6741D0E214E00D1DC49 /* Main.storyboard in Resources */,
			);
			runOnlyForDeploymentPostprocessing = 0;
		};
/* End PBXResourcesBuildPhase section */

/* Begin PBXSourcesBuildPhase section */
		798EF6671D0E214B00D1DC49 /* Sources */ = {
			isa = PBXSourcesBuildPhase;
			buildActionMask = 2147483647;
			files = (
				798EF6711D0E214D00D1DC49 /* ViewController.swift in Sources */,
				798EF66F1D0E214D00D1DC49 /* AppDelegate.swift in Sources */,
			);
			runOnlyForDeploymentPostprocessing = 0;
		};
/* End PBXSourcesBuildPhase section */

/* Begin PBXVariantGroup section */
		798EF6721D0E214E00D1DC49 /* Main.storyboard */ = {
			isa = PBXVariantGroup;
			children = (
				798EF6731D0E214E00D1DC49 /* Base */,
			);
			name = Main.storyboard;
			sourceTree = "<group>";
		};
		798EF6771D0E214E00D1DC49 /* LaunchScreen.storyboard */ = {
			isa = PBXVariantGroup;
			children = (
				798EF6781D0E214E00D1DC49 /* Base */,
			);
			name = LaunchScreen.storyboard;
			sourceTree = "<group>";
		};
/* End PBXVariantGroup section */

/* Begin XCBuildConfiguration section */
		798EF67B1D0E214E00D1DC49 /* Debug */ = {
			isa = XCBuildConfiguration;
			buildSettings = {
				ALWAYS_SEARCH_USER_PATHS = NO;
				CLANG_ANALYZER_NONNULL = YES;
				CLANG_CXX_LANGUAGE_STANDARD = "gnu++0x";
				CLANG_CXX_LIBRARY = "libc++";
				CLANG_ENABLE_MODULES = YES;
				CLANG_ENABLE_OBJC_ARC = YES;
				CLANG_WARN_BOOL_CONVERSION = YES;
				CLANG_WARN_CONSTANT_CONVERSION = YES;
				CLANG_WARN_DIRECT_OBJC_ISA_USAGE = YES_ERROR;
				CLANG_WARN_EMPTY_BODY = YES;
				CLANG_WARN_ENUM_CONVERSION = YES;
				CLANG_WARN_INT_CONVERSION = YES;
				CLANG_WARN_OBJC_ROOT_CLASS = YES_ERROR;
				CLANG_WARN_UNREACHABLE_CODE = YES;
				CLANG_WARN__DUPLICATE_METHOD_MATCH = YES;
				"CODE_SIGN_IDENTITY[sdk=iphoneos*]" = "iPhone Developer";
				COPY_PHASE_STRIP = NO;
				DEBUG_INFORMATION_FORMAT = dwarf;
				ENABLE_STRICT_OBJC_MSGSEND = YES;
				ENABLE_TESTABILITY = YES;
				GCC_C_LANGUAGE_STANDARD = gnu99;
				GCC_DYNAMIC_NO_PIC = NO;
				GCC_NO_COMMON_BLOCKS = YES;
				GCC_OPTIMIZATION_LEVEL = 0;
				GCC_PREPROCESSOR_DEFINITIONS = (
					"DEBUG=1",
					"$(inherited)",
				);
				GCC_WARN_64_TO_32_BIT_CONVERSION = YES;
				GCC_WARN_ABOUT_RETURN_TYPE = YES_ERROR;
				GCC_WARN_UNDECLARED_SELECTOR = YES;
				GCC_WARN_UNINITIALIZED_AUTOS = YES_AGGRESSIVE;
				GCC_WARN_UNUSED_FUNCTION = YES;
				GCC_WARN_UNUSED_VARIABLE = YES;
				IPHONEOS_DEPLOYMENT_TARGET = 9.3;
				MTL_ENABLE_DEBUG_INFO = YES;
				ONLY_ACTIVE_ARCH = YES;
				SDKROOT = iphoneos;
				SWIFT_OPTIMIZATION_LEVEL = "-Onone";
				TARGETED_DEVICE_FAMILY = "1,2";
			};
			name = Debug;
		};
		798EF67C1D0E214E00D1DC49 /* Release */ = {
			isa = XCBuildConfiguration;
			buildSettings = {
				ALWAYS_SEARCH_USER_PATHS = NO;
				CLANG_ANALYZER_NONNULL = YES;
				CLANG_CXX_LANGUAGE_STANDARD = "gnu++0x";
				CLANG_CXX_LIBRARY = "libc++";
				CLANG_ENABLE_MODULES = YES;
				CLANG_ENABLE_OBJC_ARC = YES;
				CLANG_WARN_BOOL_CONVERSION = YES;
				CLANG_WARN_CONSTANT_CONVERSION = YES;
				CLANG_WARN_DIRECT_OBJC_ISA_USAGE = YES_ERROR;
				CLANG_WARN_EMPTY_BODY = YES;
				CLANG_WARN_ENUM_CONVERSION = YES;
				CLANG_WARN_INT_CONVERSION = YES;
				CLANG_WARN_OBJC_ROOT_CLASS = YES_ERROR;
				CLANG_WARN_UNREACHABLE_CODE = YES;
				CLANG_WARN__DUPLICATE_METHOD_MATCH = YES;
				"CODE_SIGN_IDENTITY[sdk=iphoneos*]" = "iPhone Developer";
				COPY_PHASE_STRIP = NO;
				DEBUG_INFORMATION_FORMAT = "dwarf-with-dsym";
				ENABLE_NS_ASSERTIONS = NO;
				ENABLE_STRICT_OBJC_MSGSEND = YES;
				GCC_C_LANGUAGE_STANDARD = gnu99;
				GCC_NO_COMMON_BLOCKS = YES;
				GCC_WARN_64_TO_32_BIT_CONVERSION = YES;
				GCC_WARN_ABOUT_RETURN_TYPE = YES_ERROR;
				GCC_WARN_UNDECLARED_SELECTOR = YES;
				GCC_WARN_UNINITIALIZED_AUTOS = YES_AGGRESSIVE;
				GCC_WARN_UNUSED_FUNCTION = YES;
				GCC_WARN_UNUSED_VARIABLE = YES;
				IPHONEOS_DEPLOYMENT_TARGET = 9.3;
				MTL_ENABLE_DEBUG_INFO = NO;
				SDKROOT = iphoneos;
				TARGETED_DEVICE_FAMILY = "1,2";
				VALIDATE_PRODUCT = YES;
			};
			name = Release;
		};
		798EF67E1D0E214E00D1DC49 /* Debug */ = {
			isa = XCBuildConfiguration;
			buildSettings = {
				ASSETCATALOG_COMPILER_APPICON_NAME = AppIcon;
				INFOPLIST_FILE = "Cat Directory/Info.plist";
				LD_RUNPATH_SEARCH_PATHS = "$(inherited) @executable_path/Frameworks";
				PRODUCT_BUNDLE_IDENTIFIER = "com.sekouperry.Cat-Directory";
				PRODUCT_NAME = "$(TARGET_NAME)";
			};
			name = Debug;
		};
		798EF67F1D0E214E00D1DC49 /* Release */ = {
			isa = XCBuildConfiguration;
			buildSettings = {
				ASSETCATALOG_COMPILER_APPICON_NAME = AppIcon;
				INFOPLIST_FILE = "Cat Directory/Info.plist";
				LD_RUNPATH_SEARCH_PATHS = "$(inherited) @executable_path/Frameworks";
				PRODUCT_BUNDLE_IDENTIFIER = "com.sekouperry.Cat-Directory";
				PRODUCT_NAME = "$(TARGET_NAME)";
			};
			name = Release;
		};
/* End XCBuildConfiguration section */

/* Begin XCConfigurationList section */
		798EF6661D0E214B00D1DC49 /* Build configuration list for PBXProject "Cat Directory" */ = {
			isa = XCConfigurationList;
			buildConfigurations = (
				798EF67B1D0E214E00D1DC49 /* Debug */,
				798EF67C1D0E214E00D1DC49 /* Release */,
			);
			defaultConfigurationIsVisible = 0;
			defaultConfigurationName = Release;
		};
		798EF67D1D0E214E00D1DC49 /* Build configuration list for PBXNativeTarget "Cat Directory" */ = {
			isa = XCConfigurationList;
			buildConfigurations = (
				798EF67E1D0E214E00D1DC49 /* Debug */,
				798EF67F1D0E214E00D1DC49 /* Release */,
			);
			defaultConfigurationIsVisible = 0;
		};
/* End XCConfigurationList section */
	};
	rootObject = 798EF6631D0E214B00D1DC49 /* Project object */;
}
